
Microsoft Visual Studio Solution File, Format Version 12.00
# Visual Studio Version 17
Project("{8BC9CEB8-8B4A-11D0-8D11-00A0C91BC942}") = "ALL_BUILD", "ALL_BUILD.vcxproj", "{350906AA-6847-342D-ACED-30F8C22942F2}"
	ProjectSection(ProjectDependencies) = postProject
		{496B3E21-7696-3489-A7F8-5AE0C01563FA} = {496B3E21-7696-3489-A7F8-5AE0C01563FA}
		{4C52B61A-95F2-3FEB-BAAF-96BA35ECEA0B} = {4C52B61A-95F2-3FEB-BAAF-96BA35ECEA0B}
	EndProjectSection
EndProject
Project("{8BC9CEB8-8B4A-11D0-8D11-00A0C91BC942}") = "InstaMAT2Remix", "InstaMAT2Remix.vcxproj", "{496B3E21-7696-3489-A7F8-5AE0C01563FA}"
	ProjectSection(ProjectDependencies) = postProject
		{4C52B61A-95F2-3FEB-BAAF-96BA35ECEA0B} = {4C52B61A-95F2-3FEB-BAAF-96BA35ECEA0B}
	EndProjectSection
EndProject
Project("{8BC9CEB8-8B4A-11D0-8D11-00A0C91BC942}") = "ZERO_CHECK", "ZERO_CHECK.vcxproj", "{4C52B61A-95F2-3FEB-BAAF-96BA35ECEA0B}"
	ProjectSection(ProjectDependencies) = postProject
	EndProjectSection
EndProject
Global
	GlobalSection(SolutionConfigurationPlatforms) = preSolution
		Debug|x64 = Debug|x64
		Release|x64 = Release|x64
		MinSizeRel|x64 = MinSizeRel|x64
		RelWithDebInfo|x64 = RelWithDebInfo|x64
	EndGlobalSection
	GlobalSection(ProjectConfigurationPlatforms) = postSolution
		{350906AA-6847-342D-ACED-30F8C22942F2}.Debug|x64.ActiveCfg = Debug|x64
		{350906AA-6847-342D-ACED-30F8C22942F2}.Release|x64.ActiveCfg = Release|x64
		{350906AA-6847-342D-ACED-30F8C22942F2}.MinSizeRel|x64.ActiveCfg = MinSizeRel|x64
		{350906AA-6847-342D-ACED-30F8C22942F2}.RelWithDebInfo|x64.ActiveCfg = RelWithDebInfo|x64
		{496B3E21-7696-3489-A7F8-5AE0C01563FA}.Debug|x64.ActiveCfg = Debug|x64
		{496B3E21-7696-3489-A7F8-5AE0C01563FA}.Debug|x64.Build.0 = Debug|x64
		{496B3E21-7696-3489-A7F8-5AE0C01563FA}.Release|x64.ActiveCfg = Release|x64
		{496B3E21-7696-3489-A7F8-5AE0C01563FA}.Release|x64.Build.0 = Release|x64
		{496B3E21-7696-3489-A7F8-5AE0C01563FA}.MinSizeRel|x64.ActiveCfg = MinSizeRel|x64
		{496B3E21-7696-3489-A7F8-5AE0C01563FA}.MinSizeRel|x64.Build.0 = MinSizeRel|x64
		{496B3E21-7696-3489-A7F8-5AE0C01563FA}.RelWithDebInfo|x64.ActiveCfg = RelWithDebInfo|x64
		{496B3E21-7696-3489-A7F8-5AE0C01563FA}.RelWithDebInfo|x64.Build.0 = RelWithDebInfo|x64
		{4C52B61A-95F2-3FEB-BAAF-96BA35ECEA0B}.Debug|x64.ActiveCfg = Debug|x64
		{4C52B61A-95F2-3FEB-BAAF-96BA35ECEA0B}.Debug|x64.Build.0 = Debug|x64
		{4C52B61A-95F2-3FEB-BAAF-96BA35ECEA0B}.Release|x64.ActiveCfg = Release|x64
		{4C52B61A-95F2-3FEB-BAAF-96BA35ECEA0B}.Release|x64.Build.0 = Release|x64
		{4C52B61A-95F2-3FEB-BAAF-96BA35ECEA0B}.MinSizeRel|x64.ActiveCfg = MinSizeRel|x64
		{4C52B61A-95F2-3FEB-BAAF-96BA35ECEA0B}.MinSizeRel|x64.Build.0 = MinSizeRel|x64
		{4C52B61A-95F2-3FEB-BAAF-96BA35ECEA0B}.RelWithDebInfo|x64.ActiveCfg = RelWithDebInfo|x64
		{4C52B61A-95F2-3FEB-BAAF-96BA35ECEA0B}.RelWithDebInfo|x64.Build.0 = RelWithDebInfo|x64
	EndGlobalSection
	GlobalSection(ExtensibilityGlobals) = postSolution
		SolutionGuid = {869C9D48-BCA4-3732-BE59-351AB125645B}
	EndGlobalSection
	GlobalSection(ExtensibilityAddIns) = postSolution
	EndGlobalSection
EndGlobal
